
Microsoft Visual Studio Solution File, Format Version 12.00
# Visual Studio Version 16
VisualStudioVersion = 25.0.1706.9
MinimumVisualStudioVersion = 10.0.40219.1
Project("{FAE04EC0-301F-11D3-BF4B-00C04F79EFBC}") = "10 лр", "10 лр\10 лр.csproj", "{06727755-0C83-414F-AE03-A1AB96D73FA8}"
EndProject
Global
	GlobalSection(SolutionConfigurationPlatforms) = preSolution
		Debug|Any CPU = Debug|Any CPU
		Release|Any CPU = Release|Any CPU
	EndGlobalSection
	GlobalSection(ProjectConfigurationPlatforms) = postSolution
		{06727755-0C83-414F-AE03-A1AB96D73FA8}.Debug|Any CPU.ActiveCfg = Debug|Any CPU
		{06727755-0C83-414F-AE03-A1AB96D73FA8}.Debug|Any CPU.Build.0 = Debug|Any CPU
		{06727755-0C83-414F-AE03-A1AB96D73FA8}.Release|Any CPU.ActiveCfg = Release|Any CPU
		{06727755-0C83-414F-AE03-A1AB96D73FA8}.Release|Any CPU.Build.0 = Release|Any CPU
	EndGlobalSection
	GlobalSection(SolutionProperties) = preSolution
		HideSolutionNode = FALSE
	EndGlobalSection
	GlobalSection(ExtensibilityGlobals) = postSolution
		SolutionGuid = {7EF691AC-6C14-4CA3-B945-15F308B42496}
	EndGlobalSection
EndGlobal
