
Microsoft Visual Studio Solution File, Format Version 12.00
# Visual Studio Version 17
VisualStudioVersion = 17.10.34916.146
MinimumVisualStudioVersion = 10.0.40219.1
Project("{FAE04EC0-301F-11D3-BF4B-00C04F79EFBC}") = "Lab_Lerok", "Lab_Lerok\Lab_Lerok.csproj", "{87DCC870-B395-4CB3-9E5E-1CDAEB6B7C99}"
EndProject
Global
	GlobalSection(SolutionConfigurationPlatforms) = preSolution
		Debug|Any CPU = Debug|Any CPU
		Release|Any CPU = Release|Any CPU
	EndGlobalSection
	GlobalSection(ProjectConfigurationPlatforms) = postSolution
		{87DCC870-B395-4CB3-9E5E-1CDAEB6B7C99}.Debug|Any CPU.ActiveCfg = Debug|Any CPU
		{87DCC870-B395-4CB3-9E5E-1CDAEB6B7C99}.Debug|Any CPU.Build.0 = Debug|Any CPU
		{87DCC870-B395-4CB3-9E5E-1CDAEB6B7C99}.Release|Any CPU.ActiveCfg = Release|Any CPU
		{87DCC870-B395-4CB3-9E5E-1CDAEB6B7C99}.Release|Any CPU.Build.0 = Release|Any CPU
	EndGlobalSection
	GlobalSection(SolutionProperties) = preSolution
		HideSolutionNode = FALSE
	EndGlobalSection
	GlobalSection(ExtensibilityGlobals) = postSolution
		SolutionGuid = {5FD3D9FE-6B35-4F33-86D0-DE28E15B0FD6}
	EndGlobalSection
EndGlobal
