
Microsoft Visual Studio Solution File, Format Version 12.00
# Visual Studio Version 17
VisualStudioVersion = 17.1.32414.318
MinimumVisualStudioVersion = 10.0.40219.1
Project("{FAE04EC0-301F-11D3-BF4B-00C04F79EFBC}") = "Lab9_1", "Lab9_1\Lab9_1.csproj", "{EE65AD4D-B988-46B9-9811-4CB304AC12C1}"
EndProject
Global
	GlobalSection(SolutionConfigurationPlatforms) = preSolution
		Debug|Any CPU = Debug|Any CPU
		Release|Any CPU = Release|Any CPU
	EndGlobalSection
	GlobalSection(ProjectConfigurationPlatforms) = postSolution
		{EE65AD4D-B988-46B9-9811-4CB304AC12C1}.Debug|Any CPU.ActiveCfg = Debug|Any CPU
		{EE65AD4D-B988-46B9-9811-4CB304AC12C1}.Debug|Any CPU.Build.0 = Debug|Any CPU
		{EE65AD4D-B988-46B9-9811-4CB304AC12C1}.Release|Any CPU.ActiveCfg = Release|Any CPU
		{EE65AD4D-B988-46B9-9811-4CB304AC12C1}.Release|Any CPU.Build.0 = Release|Any CPU
	EndGlobalSection
	GlobalSection(SolutionProperties) = preSolution
		HideSolutionNode = FALSE
	EndGlobalSection
	GlobalSection(ExtensibilityGlobals) = postSolution
		SolutionGuid = {ABFB56A6-B8A1-4715-815A-3997CCC891EB}
	EndGlobalSection
EndGlobal
